// !$*UTF8*$!
{
	archiveVersion = 1;
	classes = {
	};
	objectVersion = 56;
	objects = {

/* Begin PBXBuildFile section */
		29DD09322A5B19D900D69859 /* AppDelegate.swift in Sources */ = {isa = PBXBuildFile; fileRef = 29DD09312A5B19D900D69859 /* AppDelegate.swift */; };
		29DD09342A5B19D900D69859 /* SceneDelegate.swift in Sources */ = {isa = PBXBuildFile; fileRef = 29DD09332A5B19D900D69859 /* SceneDelegate.swift */; };
		29DD09362A5B19D900D69859 /* ViewController.swift in Sources */ = {isa = PBXBuildFile; fileRef = 29DD09352A5B19D900D69859 /* ViewController.swift */; };
		29DD09392A5B19D900D69859 /* Main.storyboard in Resources */ = {isa = PBXBuildFile; fileRef = 29DD09372A5B19D900D69859 /* Main.storyboard */; };
		29DD093B2A5B19DB00D69859 /* Assets.xcassets in Resources */ = {isa = PBXBuildFile; fileRef = 29DD093A2A5B19DB00D69859 /* Assets.xcassets */; };
		29DD093E2A5B19DB00D69859 /* LaunchScreen.storyboard in Resources */ = {isa = PBXBuildFile; fileRef = 29DD093C2A5B19DB00D69859 /* LaunchScreen.storyboard */; };
		29DD09492A5B19DB00D69859 /* CVProjectTests.swift in Sources */ = {isa = PBXBuildFile; fileRef = 29DD09482A5B19DB00D69859 /* CVProjectTests.swift */; };
		29DD09532A5B19DB00D69859 /* CVProjectUITests.swift in Sources */ = {isa = PBXBuildFile; fileRef = 29DD09522A5B19DB00D69859 /* CVProjectUITests.swift */; };
		29DD09552A5B19DB00D69859 /* CVProjectUITestsLaunchTests.swift in Sources */ = {isa = PBXBuildFile; fileRef = 29DD09542A5B19DB00D69859 /* CVProjectUITestsLaunchTests.swift */; };
/* End PBXBuildFile section */

/* Begin PBXContainerItemProxy section */
		29DD09452A5B19DB00D69859 /* PBXContainerItemProxy */ = {
			isa = PBXContainerItemProxy;
			containerPortal = 29DD09262A5B19D900D69859 /* Project object */;
			proxyType = 1;
			remoteGlobalIDString = 29DD092D2A5B19D900D69859;
			remoteInfo = CVProject;
		};
		29DD094F2A5B19DB00D69859 /* PBXContainerItemProxy */ = {
			isa = PBXContainerItemProxy;
			containerPortal = 29DD09262A5B19D900D69859 /* Project object */;
			proxyType = 1;
			remoteGlobalIDString = 29DD092D2A5B19D900D69859;
			remoteInfo = CVProject;
		};
/* End PBXContainerItemProxy section */

/* Begin PBXFileReference section */
		29DD092E2A5B19D900D69859 /* CVProject.app */ = {isa = PBXFileReference; explicitFileType = wrapper.application; includeInIndex = 0; path = CVProject.app; sourceTree = BUILT_PRODUCTS_DIR; };
		29DD09312A5B19D900D69859 /* AppDelegate.swift */ = {isa = PBXFileReference; lastKnownFileType = sourcecode.swift; path = AppDelegate.swift; sourceTree = "<group>"; };
		29DD09332A5B19D900D69859 /* SceneDelegate.swift */ = {isa = PBXFileReference; lastKnownFileType = sourcecode.swift; path = SceneDelegate.swift; sourceTree = "<group>"; };
		29DD09352A5B19D900D69859 /* ViewController.swift */ = {isa = PBXFileReference; lastKnownFileType = sourcecode.swift; path = ViewController.swift; sourceTree = "<group>"; };
		29DD09382A5B19D900D69859 /* Base */ = {isa = PBXFileReference; lastKnownFileType = file.storyboard; name = Base; path = Base.lproj/Main.storyboard; sourceTree = "<group>"; };
		29DD093A2A5B19DB00D69859 /* Assets.xcassets */ = {isa = PBXFileReference; lastKnownFileType = folder.assetcatalog; path = Assets.xcassets; sourceTree = "<group>"; };
		29DD093D2A5B19DB00D69859 /* Base */ = {isa = PBXFileReference; lastKnownFileType = file.storyboard; name = Base; path = Base.lproj/LaunchScreen.storyboard; sourceTree = "<group>"; };
		29DD093F2A5B19DB00D69859 /* Info.plist */ = {isa = PBXFileReference; lastKnownFileType = text.plist.xml; path = Info.plist; sourceTree = "<group>"; };
		29DD09442A5B19DB00D69859 /* CVProjectTests.xctest */ = {isa = PBXFileReference; explicitFileType = wrapper.cfbundle; includeInIndex = 0; path = CVProjectTests.xctest; sourceTree = BUILT_PRODUCTS_DIR; };
		29DD09482A5B19DB00D69859 /* CVProjectTests.swift */ = {isa = PBXFileReference; lastKnownFileType = sourcecode.swift; path = CVProjectTests.swift; sourceTree = "<group>"; };
		29DD094E2A5B19DB00D69859 /* CVProjectUITests.xctest */ = {isa = PBXFileReference; explicitFileType = wrapper.cfbundle; includeInIndex = 0; path = CVProjectUITests.xctest; sourceTree = BUILT_PRODUCTS_DIR; };
		29DD09522A5B19DB00D69859 /* CVProjectUITests.swift */ = {isa = PBXFileReference; lastKnownFileType = sourcecode.swift; path = CVProjectUITests.swift; sourceTree = "<group>"; };
		29DD09542A5B19DB00D69859 /* CVProjectUITestsLaunchTests.swift */ = {isa = PBXFileReference; lastKnownFileType = sourcecode.swift; path = CVProjectUITestsLaunchTests.swift; sourceTree = "<group>"; };
/* End PBXFileReference section */

/* Begin PBXFrameworksBuildPhase section */
		29DD092B2A5B19D900D69859 /* Frameworks */ = {
			isa = PBXFrameworksBuildPhase;
			buildActionMask = 2147483647;
			files = (
			);
			runOnlyForDeploymentPostprocessing = 0;
		};
		29DD09412A5B19DB00D69859 /* Frameworks */ = {
			isa = PBXFrameworksBuildPhase;
			buildActionMask = 2147483647;
			files = (
			);
			runOnlyForDeploymentPostprocessing = 0;
		};
		29DD094B2A5B19DB00D69859 /* Frameworks */ = {
			isa = PBXFrameworksBuildPhase;
			buildActionMask = 2147483647;
			files = (
			);
			runOnlyForDeploymentPostprocessing = 0;
		};
/* End PBXFrameworksBuildPhase section */

/* Begin PBXGroup section */
		29DD09252A5B19D900D69859 = {
			isa = PBXGroup;
			children = (
				29DD09302A5B19D900D69859 /* CVProject */,
				29DD09472A5B19DB00D69859 /* CVProjectTests */,
				29DD09512A5B19DB00D69859 /* CVProjectUITests */,
				29DD092F2A5B19D900D69859 /* Products */,
			);
			sourceTree = "<group>";
		};
		29DD092F2A5B19D900D69859 /* Products */ = {
			isa = PBXGroup;
			children = (
				29DD092E2A5B19D900D69859 /* CVProject.app */,
				29DD09442A5B19DB00D69859 /* CVProjectTests.xctest */,
				29DD094E2A5B19DB00D69859 /* CVProjectUITests.xctest */,
			);
			name = Products;
			sourceTree = "<group>";
		};
		29DD09302A5B19D900D69859 /* CVProject */ = {
			isa = PBXGroup;
			children = (
				29DD09312A5B19D900D69859 /* AppDelegate.swift */,
				29DD09332A5B19D900D69859 /* SceneDelegate.swift */,
				29DD09352A5B19D900D69859 /* ViewController.swift */,
				29DD09372A5B19D900D69859 /* Main.storyboard */,
				29DD093A2A5B19DB00D69859 /* Assets.xcassets */,
				29DD093C2A5B19DB00D69859 /* LaunchScreen.storyboard */,
				29DD093F2A5B19DB00D69859 /* Info.plist */,
			);
			path = CVProject;
			sourceTree = "<group>";
		};
		29DD09472A5B19DB00D69859 /* CVProjectTests */ = {
			isa = PBXGroup;
			children = (
				29DD09482A5B19DB00D69859 /* CVProjectTests.swift */,
			);
			path = CVProjectTests;
			sourceTree = "<group>";
		};
		29DD09512A5B19DB00D69859 /* CVProjectUITests */ = {
			isa = PBXGroup;
			children = (
				29DD09522A5B19DB00D69859 /* CVProjectUITests.swift */,
				29DD09542A5B19DB00D69859 /* CVProjectUITestsLaunchTests.swift */,
			);
			path = CVProjectUITests;
			sourceTree = "<group>";
		};
/* End PBXGroup section */

/* Begin PBXNativeTarget section */
		29DD092D2A5B19D900D69859 /* CVProject */ = {
			isa = PBXNativeTarget;
			buildConfigurationList = 29DD09582A5B19DB00D69859 /* Build configuration list for PBXNativeTarget "CVProject" */;
			buildPhases = (
				29DD092A2A5B19D900D69859 /* Sources */,
				29DD092B2A5B19D900D69859 /* Frameworks */,
				29DD092C2A5B19D900D69859 /* Resources */,
			);
			buildRules = (
			);
			dependencies = (
			);
			name = CVProject;
			productName = CVProject;
			productReference = 29DD092E2A5B19D900D69859 /* CVProject.app */;
			productType = "com.apple.product-type.application";
		};
		29DD09432A5B19DB00D69859 /* CVProjectTests */ = {
			isa = PBXNativeTarget;
			buildConfigurationList = 29DD095B2A5B19DB00D69859 /* Build configuration list for PBXNativeTarget "CVProjectTests" */;
			buildPhases = (
				29DD09402A5B19DB00D69859 /* Sources */,
				29DD09412A5B19DB00D69859 /* Frameworks */,
				29DD09422A5B19DB00D69859 /* Resources */,
			);
			buildRules = (
			);
			dependencies = (
				29DD09462A5B19DB00D69859 /* PBXTargetDependency */,
			);
			name = CVProjectTests;
			productName = CVProjectTests;
			productReference = 29DD09442A5B19DB00D69859 /* CVProjectTests.xctest */;
			productType = "com.apple.product-type.bundle.unit-test";
		};
		29DD094D2A5B19DB00D69859 /* CVProjectUITests */ = {
			isa = PBXNativeTarget;
			buildConfigurationList = 29DD095E2A5B19DB00D69859 /* Build configuration list for PBXNativeTarget "CVProjectUITests" */;
			buildPhases = (
				29DD094A2A5B19DB00D69859 /* Sources */,
				29DD094B2A5B19DB00D69859 /* Frameworks */,
				29DD094C2A5B19DB00D69859 /* Resources */,
			);
			buildRules = (
			);
			dependencies = (
				29DD09502A5B19DB00D69859 /* PBXTargetDependency */,
			);
			name = CVProjectUITests;
			productName = CVProjectUITests;
			productReference = 29DD094E2A5B19DB00D69859 /* CVProjectUITests.xctest */;
			productType = "com.apple.product-type.bundle.ui-testing";
		};
/* End PBXNativeTarget section */

/* Begin PBXProject section */
		29DD09262A5B19D900D69859 /* Project object */ = {
			isa = PBXProject;
			attributes = {
				BuildIndependentTargetsInParallel = 1;
				LastSwiftUpdateCheck = 1430;
				LastUpgradeCheck = 1430;
				TargetAttributes = {
					29DD092D2A5B19D900D69859 = {
						CreatedOnToolsVersion = 14.3.1;
					};
					29DD09432A5B19DB00D69859 = {
						CreatedOnToolsVersion = 14.3.1;
						TestTargetID = 29DD092D2A5B19D900D69859;
					};
					29DD094D2A5B19DB00D69859 = {
						CreatedOnToolsVersion = 14.3.1;
						TestTargetID = 29DD092D2A5B19D900D69859;
					};
				};
			};
			buildConfigurationList = 29DD09292A5B19D900D69859 /* Build configuration list for PBXProject "CVProject" */;
			compatibilityVersion = "Xcode 14.0";
			developmentRegion = en;
			hasScannedForEncodings = 0;
			knownRegions = (
				en,
				Base,
			);
			mainGroup = 29DD09252A5B19D900D69859;
			productRefGroup = 29DD092F2A5B19D900D69859 /* Products */;
			projectDirPath = "";
			projectRoot = "";
			targets = (
				29DD092D2A5B19D900D69859 /* CVProject */,
				29DD09432A5B19DB00D69859 /* CVProjectTests */,
				29DD094D2A5B19DB00D69859 /* CVProjectUITests */,
			);
		};
/* End PBXProject section */

/* Begin PBXResourcesBuildPhase section */
		29DD092C2A5B19D900D69859 /* Resources */ = {
			isa = PBXResourcesBuildPhase;
			buildActionMask = 2147483647;
			files = (
				29DD093E2A5B19DB00D69859 /* LaunchScreen.storyboard in Resources */,
				29DD093B2A5B19DB00D69859 /* Assets.xcassets in Resources */,
				29DD09392A5B19D900D69859 /* Main.storyboard in Resources */,
			);
			runOnlyForDeploymentPostprocessing = 0;
		};
		29DD09422A5B19DB00D69859 /* Resources */ = {
			isa = PBXResourcesBuildPhase;
			buildActionMask = 2147483647;
			files = (
			);
			runOnlyForDeploymentPostprocessing = 0;
		};
		29DD094C2A5B19DB00D69859 /* Resources */ = {
			isa = PBXResourcesBuildPhase;
			buildActionMask = 2147483647;
			files = (
			);
			runOnlyForDeploymentPostprocessing = 0;
		};
/* End PBXResourcesBuildPhase section */

/* Begin PBXSourcesBuildPhase section */
		29DD092A2A5B19D900D69859 /* Sources */ = {
			isa = PBXSourcesBuildPhase;
			buildActionMask = 2147483647;
			files = (
				29DD09362A5B19D900D69859 /* ViewController.swift in Sources */,
				29DD09322A5B19D900D69859 /* AppDelegate.swift in Sources */,
				29DD09342A5B19D900D69859 /* SceneDelegate.swift in Sources */,
			);
			runOnlyForDeploymentPostprocessing = 0;
		};
		29DD09402A5B19DB00D69859 /* Sources */ = {
			isa = PBXSourcesBuildPhase;
			buildActionMask = 2147483647;
			files = (
				29DD09492A5B19DB00D69859 /* CVProjectTests.swift in Sources */,
			);
			runOnlyForDeploymentPostprocessing = 0;
		};
		29DD094A2A5B19DB00D69859 /* Sources */ = {
			isa = PBXSourcesBuildPhase;
			buildActionMask = 2147483647;
			files = (
				29DD09532A5B19DB00D69859 /* CVProjectUITests.swift in Sources */,
				29DD09552A5B19DB00D69859 /* CVProjectUITestsLaunchTests.swift in Sources */,
			);
			runOnlyForDeploymentPostprocessing = 0;
		};
/* End PBXSourcesBuildPhase section */

/* Begin PBXTargetDependency section */
		29DD09462A5B19DB00D69859 /* PBXTargetDependency */ = {
			isa = PBXTargetDependency;
			target = 29DD092D2A5B19D900D69859 /* CVProject */;
			targetProxy = 29DD09452A5B19DB00D69859 /* PBXContainerItemProxy */;
		};
		29DD09502A5B19DB00D69859 /* PBXTargetDependency */ = {
			isa = PBXTargetDependency;
			target = 29DD092D2A5B19D900D69859 /* CVProject */;
			targetProxy = 29DD094F2A5B19DB00D69859 /* PBXContainerItemProxy */;
		};
/* End PBXTargetDependency section */

/* Begin PBXVariantGroup section */
		29DD09372A5B19D900D69859 /* Main.storyboard */ = {
			isa = PBXVariantGroup;
			children = (
				29DD09382A5B19D900D69859 /* Base */,
			);
			name = Main.storyboard;
			sourceTree = "<group>";
		};
		29DD093C2A5B19DB00D69859 /* LaunchScreen.storyboard */ = {
			isa = PBXVariantGroup;
			children = (
				29DD093D2A5B19DB00D69859 /* Base */,
			);
			name = LaunchScreen.storyboard;
			sourceTree = "<group>";
		};
/* End PBXVariantGroup section */

/* Begin XCBuildConfiguration section */
		29DD09562A5B19DB00D69859 /* Debug */ = {
			isa = XCBuildConfiguration;
			buildSettings = {
				ALWAYS_SEARCH_USER_PATHS = NO;
				CLANG_ANALYZER_NONNULL = YES;
				CLANG_ANALYZER_NUMBER_OBJECT_CONVERSION = YES_AGGRESSIVE;
				CLANG_CXX_LANGUAGE_STANDARD = "gnu++20";
				CLANG_ENABLE_MODULES = YES;
				CLANG_ENABLE_OBJC_ARC = YES;
				CLANG_ENABLE_OBJC_WEAK = YES;
				CLANG_WARN_BLOCK_CAPTURE_AUTORELEASING = YES;
				CLANG_WARN_BOOL_CONVERSION = YES;
				CLANG_WARN_COMMA = YES;
				CLANG_WARN_CONSTANT_CONVERSION = YES;
				CLANG_WARN_DEPRECATED_OBJC_IMPLEMENTATIONS = YES;
				CLANG_WARN_DIRECT_OBJC_ISA_USAGE = YES_ERROR;
				CLANG_WARN_DOCUMENTATION_COMMENTS = YES;
				CLANG_WARN_EMPTY_BODY = YES;
				CLANG_WARN_ENUM_CONVERSION = YES;
				CLANG_WARN_INFINITE_RECURSION = YES;
				CLANG_WARN_INT_CONVERSION = YES;
				CLANG_WARN_NON_LITERAL_NULL_CONVERSION = YES;
				CLANG_WARN_OBJC_IMPLICIT_RETAIN_SELF = YES;
				CLANG_WARN_OBJC_LITERAL_CONVERSION = YES;
				CLANG_WARN_OBJC_ROOT_CLASS = YES_ERROR;
				CLANG_WARN_QUOTED_INCLUDE_IN_FRAMEWORK_HEADER = YES;
				CLANG_WARN_RANGE_LOOP_ANALYSIS = YES;
				CLANG_WARN_STRICT_PROTOTYPES = YES;
				CLANG_WARN_SUSPICIOUS_MOVE = YES;
				CLANG_WARN_UNGUARDED_AVAILABILITY = YES_AGGRESSIVE;
				CLANG_WARN_UNREACHABLE_CODE = YES;
				CLANG_WARN__DUPLICATE_METHOD_MATCH = YES;
				COPY_PHASE_STRIP = NO;
				DEBUG_INFORMATION_FORMAT = dwarf;
				ENABLE_STRICT_OBJC_MSGSEND = YES;
				ENABLE_TESTABILITY = YES;
				GCC_C_LANGUAGE_STANDARD = gnu11;
				GCC_DYNAMIC_NO_PIC = NO;
				GCC_NO_COMMON_BLOCKS = YES;
				GCC_OPTIMIZATION_LEVEL = 0;
				GCC_PREPROCESSOR_DEFINITIONS = (
					"DEBUG=1",
					"$(inherited)",
				);
				GCC_WARN_64_TO_32_BIT_CONVERSION = YES;
				GCC_WARN_ABOUT_RETURN_TYPE = YES_ERROR;
				GCC_WARN_UNDECLARED_SELECTOR = YES;
				GCC_WARN_UNINITIALIZED_AUTOS = YES_AGGRESSIVE;
				GCC_WARN_UNUSED_FUNCTION = YES;
				GCC_WARN_UNUSED_VARIABLE = YES;
				IPHONEOS_DEPLOYMENT_TARGET = 16.4;
				MTL_ENABLE_DEBUG_INFO = INCLUDE_SOURCE;
				MTL_FAST_MATH = YES;
				ONLY_ACTIVE_ARCH = YES;
				SDKROOT = iphoneos;
				SWIFT_ACTIVE_COMPILATION_CONDITIONS = DEBUG;
				SWIFT_OPTIMIZATION_LEVEL = "-Onone";
			};
			name = Debug;
		};
		29DD09572A5B19DB00D69859 /* Release */ = {
			isa = XCBuildConfiguration;
			buildSettings = {
				ALWAYS_SEARCH_USER_PATHS = NO;
				CLANG_ANALYZER_NONNULL = YES;
				CLANG_ANALYZER_NUMBER_OBJECT_CONVERSION = YES_AGGRESSIVE;
				CLANG_CXX_LANGUAGE_STANDARD = "gnu++20";
				CLANG_ENABLE_MODULES = YES;
				CLANG_ENABLE_OBJC_ARC = YES;
				CLANG_ENABLE_OBJC_WEAK = YES;
				CLANG_WARN_BLOCK_CAPTURE_AUTORELEASING = YES;
				CLANG_WARN_BOOL_CONVERSION = YES;
				CLANG_WARN_COMMA = YES;
				CLANG_WARN_CONSTANT_CONVERSION = YES;
				CLANG_WARN_DEPRECATED_OBJC_IMPLEMENTATIONS = YES;
				CLANG_WARN_DIRECT_OBJC_ISA_USAGE = YES_ERROR;
				CLANG_WARN_DOCUMENTATION_COMMENTS = YES;
				CLANG_WARN_EMPTY_BODY = YES;
				CLANG_WARN_ENUM_CONVERSION = YES;
				CLANG_WARN_INFINITE_RECURSION = YES;
				CLANG_WARN_INT_CONVERSION = YES;
				CLANG_WARN_NON_LITERAL_NULL_CONVERSION = YES;
				CLANG_WARN_OBJC_IMPLICIT_RETAIN_SELF = YES;
				CLANG_WARN_OBJC_LITERAL_CONVERSION = YES;
				CLANG_WARN_OBJC_ROOT_CLASS = YES_ERROR;
				CLANG_WARN_QUOTED_INCLUDE_IN_FRAMEWORK_HEADER = YES;
				CLANG_WARN_RANGE_LOOP_ANALYSIS = YES;
				CLANG_WARN_STRICT_PROTOTYPES = YES;
				CLANG_WARN_SUSPICIOUS_MOVE = YES;
				CLANG_WARN_UNGUARDED_AVAILABILITY = YES_AGGRESSIVE;
				CLANG_WARN_UNREACHABLE_CODE = YES;
				CLANG_WARN__DUPLICATE_METHOD_MATCH = YES;
				COPY_PHASE_STRIP = NO;
				DEBUG_INFORMATION_FORMAT = "dwarf-with-dsym";
				ENABLE_NS_ASSERTIONS = NO;
				ENABLE_STRICT_OBJC_MSGSEND = YES;
				GCC_C_LANGUAGE_STANDARD = gnu11;
				GCC_NO_COMMON_BLOCKS = YES;
				GCC_WARN_64_TO_32_BIT_CONVERSION = YES;
				GCC_WARN_ABOUT_RETURN_TYPE = YES_ERROR;
				GCC_WARN_UNDECLARED_SELECTOR = YES;
				GCC_WARN_UNINITIALIZED_AUTOS = YES_AGGRESSIVE;
				GCC_WARN_UNUSED_FUNCTION = YES;
				GCC_WARN_UNUSED_VARIABLE = YES;
				IPHONEOS_DEPLOYMENT_TARGET = 16.4;
				MTL_ENABLE_DEBUG_INFO = NO;
				MTL_FAST_MATH = YES;
				SDKROOT = iphoneos;
				SWIFT_COMPILATION_MODE = wholemodule;
				SWIFT_OPTIMIZATION_LEVEL = "-O";
				VALIDATE_PRODUCT = YES;
			};
			name = Release;
		};
		29DD09592A5B19DB00D69859 /* Debug */ = {
			isa = XCBuildConfiguration;
			buildSettings = {
				ASSETCATALOG_COMPILER_APPICON_NAME = AppIcon;
				ASSETCATALOG_COMPILER_GLOBAL_ACCENT_COLOR_NAME = AccentColor;
				CODE_SIGN_STYLE = Automatic;
				CURRENT_PROJECT_VERSION = 1;
				GENERATE_INFOPLIST_FILE = YES;
				INFOPLIST_FILE = CVProject/Info.plist;
				INFOPLIST_KEY_UIApplicationSupportsIndirectInputEvents = YES;
				INFOPLIST_KEY_UILaunchStoryboardName = LaunchScreen;
				INFOPLIST_KEY_UIMainStoryboardFile = Main;
				INFOPLIST_KEY_UISupportedInterfaceOrientations_iPad = "UIInterfaceOrientationPortrait UIInterfaceOrientationPortraitUpsideDown UIInterfaceOrientationLandscapeLeft UIInterfaceOrientationLandscapeRight";
				INFOPLIST_KEY_UISupportedInterfaceOrientations_iPhone = "UIInterfaceOrientationPortrait UIInterfaceOrientationLandscapeLeft UIInterfaceOrientationLandscapeRight";
				LD_RUNPATH_SEARCH_PATHS = (
					"$(inherited)",
					"@executable_path/Frameworks",
				);
				MARKETING_VERSION = 1.0;
				PRODUCT_BUNDLE_IDENTIFIER = yesiltas.CVProject;
				PRODUCT_NAME = "$(TARGET_NAME)";
				SWIFT_EMIT_LOC_STRINGS = YES;
				SWIFT_VERSION = 5.0;
				TARGETED_DEVICE_FAMILY = "1,2";
			};
			name = Debug;
		};
		29DD095A2A5B19DB00D69859 /* Release */ = {
			isa = XCBuildConfiguration;
			buildSettings = {
				ASSETCATALOG_COMPILER_APPICON_NAME = AppIcon;
				ASSETCATALOG_COMPILER_GLOBAL_ACCENT_COLOR_NAME = AccentColor;
				CODE_SIGN_STYLE = Automatic;
				CURRENT_PROJECT_VERSION = 1;
				GENERATE_INFOPLIST_FILE = YES;
				INFOPLIST_FILE = CVProject/Info.plist;
				INFOPLIST_KEY_UIApplicationSupportsIndirectInputEvents = YES;
				INFOPLIST_KEY_UILaunchStoryboardName = LaunchScreen;
				INFOPLIST_KEY_UIMainStoryboardFile = Main;
				INFOPLIST_KEY_UISupportedInterfaceOrientations_iPad = "UIInterfaceOrientationPortrait UIInterfaceOrientationPortraitUpsideDown UIInterfaceOrientationLandscapeLeft UIInterfaceOrientationLandscapeRight";
				INFOPLIST_KEY_UISupportedInterfaceOrientations_iPhone = "UIInterfaceOrientationPortrait UIInterfaceOrientationLandscapeLeft UIInterfaceOrientationLandscapeRight";
				LD_RUNPATH_SEARCH_PATHS = (
					"$(inherited)",
					"@executable_path/Frameworks",
				);
				MARKETING_VERSION = 1.0;
				PRODUCT_BUNDLE_IDENTIFIER = yesiltas.CVProject;
				PRODUCT_NAME = "$(TARGET_NAME)";
				SWIFT_EMIT_LOC_STRINGS = YES;
				SWIFT_VERSION = 5.0;
				TARGETED_DEVICE_FAMILY = "1,2";
			};
			name = Release;
		};
		29DD095C2A5B19DB00D69859 /* Debug */ = {
			isa = XCBuildConfiguration;
			buildSettings = {
				ALWAYS_EMBED_SWIFT_STANDARD_LIBRARIES = YES;
				BUNDLE_LOADER = "$(TEST_HOST)";
				CODE_SIGN_STYLE = Automatic;
				CURRENT_PROJECT_VERSION = 1;
				GENERATE_INFOPLIST_FILE = YES;
				IPHONEOS_DEPLOYMENT_TARGET = 16.4;
				MARKETING_VERSION = 1.0;
				PRODUCT_BUNDLE_IDENTIFIER = yesiltas.CVProjectTests;
				PRODUCT_NAME = "$(TARGET_NAME)";
				SWIFT_EMIT_LOC_STRINGS = NO;
				SWIFT_VERSION = 5.0;
				TARGETED_DEVICE_FAMILY = "1,2";
				TEST_HOST = "$(BUILT_PRODUCTS_DIR)/CVProject.app/$(BUNDLE_EXECUTABLE_FOLDER_PATH)/CVProject";
			};
			name = Debug;
		};
		29DD095D2A5B19DB00D69859 /* Release */ = {
			isa = XCBuildConfiguration;
			buildSettings = {
				ALWAYS_EMBED_SWIFT_STANDARD_LIBRARIES = YES;
				BUNDLE_LOADER = "$(TEST_HOST)";
				CODE_SIGN_STYLE = Automatic;
				CURRENT_PROJECT_VERSION = 1;
				GENERATE_INFOPLIST_FILE = YES;
				IPHONEOS_DEPLOYMENT_TARGET = 16.4;
				MARKETING_VERSION = 1.0;
				PRODUCT_BUNDLE_IDENTIFIER = yesiltas.CVProjectTests;
				PRODUCT_NAME = "$(TARGET_NAME)";
				SWIFT_EMIT_LOC_STRINGS = NO;
				SWIFT_VERSION = 5.0;
				TARGETED_DEVICE_FAMILY = "1,2";
				TEST_HOST = "$(BUILT_PRODUCTS_DIR)/CVProject.app/$(BUNDLE_EXECUTABLE_FOLDER_PATH)/CVProject";
			};
			name = Release;
		};
		29DD095F2A5B19DB00D69859 /* Debug */ = {
			isa = XCBuildConfiguration;
			buildSettings = {
				ALWAYS_EMBED_SWIFT_STANDARD_LIBRARIES = YES;
				CODE_SIGN_STYLE = Automatic;
				CURRENT_PROJECT_VERSION = 1;
				GENERATE_INFOPLIST_FILE = YES;
				MARKETING_VERSION = 1.0;
				PRODUCT_BUNDLE_IDENTIFIER = yesiltas.CVProjectUITests;
				PRODUCT_NAME = "$(TARGET_NAME)";
				SWIFT_EMIT_LOC_STRINGS = NO;
				SWIFT_VERSION = 5.0;
				TARGETED_DEVICE_FAMILY = "1,2";
				TEST_TARGET_NAME = CVProject;
			};
			name = Debug;
		};
		29DD09602A5B19DB00D69859 /* Release */ = {
			isa = XCBuildConfiguration;
			buildSettings = {
				ALWAYS_EMBED_SWIFT_STANDARD_LIBRARIES = YES;
				CODE_SIGN_STYLE = Automatic;
				CURRENT_PROJECT_VERSION = 1;
				GENERATE_INFOPLIST_FILE = YES;
				MARKETING_VERSION = 1.0;
				PRODUCT_BUNDLE_IDENTIFIER = yesiltas.CVProjectUITests;
				PRODUCT_NAME = "$(TARGET_NAME)";
				SWIFT_EMIT_LOC_STRINGS = NO;
				SWIFT_VERSION = 5.0;
				TARGETED_DEVICE_FAMILY = "1,2";
				TEST_TARGET_NAME = CVProject;
			};
			name = Release;
		};
/* End XCBuildConfiguration section */

/* Begin XCConfigurationList section */
		29DD09292A5B19D900D69859 /* Build configuration list for PBXProject "CVProject" */ = {
			isa = XCConfigurationList;
			buildConfigurations = (
				29DD09562A5B19DB00D69859 /* Debug */,
				29DD09572A5B19DB00D69859 /* Release */,
			);
			defaultConfigurationIsVisible = 0;
			defaultConfigurationName = Release;
		};
		29DD09582A5B19DB00D69859 /* Build configuration list for PBXNativeTarget "CVProject" */ = {
			isa = XCConfigurationList;
			buildConfigurations = (
				29DD09592A5B19DB00D69859 /* Debug */,
				29DD095A2A5B19DB00D69859 /* Release */,
			);
			defaultConfigurationIsVisible = 0;
			defaultConfigurationName = Release;
		};
		29DD095B2A5B19DB00D69859 /* Build configuration list for PBXNativeTarget "CVProjectTests" */ = {
			isa = XCConfigurationList;
			buildConfigurations = (
				29DD095C2A5B19DB00D69859 /* Debug */,
				29DD095D2A5B19DB00D69859 /* Release */,
			);
			defaultConfigurationIsVisible = 0;
			defaultConfigurationName = Release;
		};
		29DD095E2A5B19DB00D69859 /* Build configuration list for PBXNativeTarget "CVProjectUITests" */ = {
			isa = XCConfigurationList;
			buildConfigurations = (
				29DD095F2A5B19DB00D69859 /* Debug */,
				29DD09602A5B19DB00D69859 /* Release */,
			);
			defaultConfigurationIsVisible = 0;
			defaultConfigurationName = Release;
		};
/* End XCConfigurationList section */
	};
	rootObject = 29DD09262A5B19D900D69859 /* Project object */;
}
